
Microsoft Visual Studio Solution File, Format Version 12.00
# Visual Studio Version 17
VisualStudioVersion = 17.5.002.0
MinimumVisualStudioVersion = 10.0.40219.1
Project("{9A19103F-16F7-4668-BE54-9A1E7A4F7556}") = "semantic-kernel-poc", "semantic-kernel-poc.csproj", "{4067B74B-E9C5-4680-BA26-C5F2D13C6D5F}"
EndProject
Global
	GlobalSection(SolutionConfigurationPlatforms) = preSolution
		Debug|Any CPU = Debug|Any CPU
		Release|Any CPU = Release|Any CPU
	EndGlobalSection
	GlobalSection(ProjectConfigurationPlatforms) = postSolution
		{4067B74B-E9C5-4680-BA26-C5F2D13C6D5F}.Debug|Any CPU.ActiveCfg = Debug|Any CPU
		{4067B74B-E9C5-4680-BA26-C5F2D13C6D5F}.Debug|Any CPU.Build.0 = Debug|Any CPU
		{4067B74B-E9C5-4680-BA26-C5F2D13C6D5F}.Release|Any CPU.ActiveCfg = Release|Any CPU
		{4067B74B-E9C5-4680-BA26-C5F2D13C6D5F}.Release|Any CPU.Build.0 = Release|Any CPU
	EndGlobalSection
	GlobalSection(SolutionProperties) = preSolution
		HideSolutionNode = FALSE
	EndGlobalSection
	GlobalSection(ExtensibilityGlobals) = postSolution
		SolutionGuid = {C89A9FB8-9C5B-4020-A314-23201D0994F3}
	EndGlobalSection
EndGlobal
